
Microsoft Visual Studio Solution File, Format Version 12.00
# Visual Studio Version 17
VisualStudioVersion = 17.2.32526.322
MinimumVisualStudioVersion = 10.0.40219.1
Project("{9A19103F-16F7-4668-BE54-9A1E7A4F7556}") = "Authentication and Authorization", "Authentication and Authorization\Authentication and Authorization.csproj", "{F7D8FD9A-A91D-4497-9B6B-F897B83B43A2}"
EndProject
Global
	GlobalSection(SolutionConfigurationPlatforms) = preSolution
		Debug|Any CPU = Debug|Any CPU
		Release|Any CPU = Release|Any CPU
	EndGlobalSection
	GlobalSection(ProjectConfigurationPlatforms) = postSolution
		{F7D8FD9A-A91D-4497-9B6B-F897B83B43A2}.Debug|Any CPU.ActiveCfg = Debug|Any CPU
		{F7D8FD9A-A91D-4497-9B6B-F897B83B43A2}.Debug|Any CPU.Build.0 = Debug|Any CPU
		{F7D8FD9A-A91D-4497-9B6B-F897B83B43A2}.Release|Any CPU.ActiveCfg = Release|Any CPU
		{F7D8FD9A-A91D-4497-9B6B-F897B83B43A2}.Release|Any CPU.Build.0 = Release|Any CPU
	EndGlobalSection
	GlobalSection(SolutionProperties) = preSolution
		HideSolutionNode = FALSE
	EndGlobalSection
	GlobalSection(ExtensibilityGlobals) = postSolution
		SolutionGuid = {D7AD9A0D-F2DD-4CAE-9731-163C7EE404A3}
	EndGlobalSection
EndGlobal
